
Microsoft Visual Studio Solution File, Format Version 12.00
# Visual Studio Version 17
VisualStudioVersion = 17.6.33712.159
MinimumVisualStudioVersion = 10.0.40219.1
Project("{888888A0-9F3D-457C-B088-3A5042F75D52}") = "PalleteApplication", "PalleteApplication\PalleteApplication.pyproj", "{C629BBC4-3DC1-4C8E-B440-BD77F9CF90E0}"
EndProject
Global
	GlobalSection(SolutionConfigurationPlatforms) = preSolution
		Debug|Any CPU = Debug|Any CPU
		Release|Any CPU = Release|Any CPU
	EndGlobalSection
	GlobalSection(ProjectConfigurationPlatforms) = postSolution
		{C629BBC4-3DC1-4C8E-B440-BD77F9CF90E0}.Debug|Any CPU.ActiveCfg = Debug|Any CPU
		{C629BBC4-3DC1-4C8E-B440-BD77F9CF90E0}.Release|Any CPU.ActiveCfg = Release|Any CPU
	EndGlobalSection
	GlobalSection(SolutionProperties) = preSolution
		HideSolutionNode = FALSE
	EndGlobalSection
	GlobalSection(ExtensibilityGlobals) = postSolution
		SolutionGuid = {2DAD2744-BFA3-466A-B589-1D5DF68B73A9}
	EndGlobalSection
EndGlobal
